# THIS IS AN AUTOGENERATED FILE. DO NOT EDIT THIS FILE DIRECTLY.
# yarn lockfile v1


"@annahernas/randomid-generator@^1.0.0":
  version "1.0.0"
  resolved "https://registry.yarnpkg.com/@annahernas/randomid-generator/-/randomid-generator-1.0.0.tgz#6cd31af87c3317da9a5d2de3fe0a35c43387b34b"
  integrity sha512-lHBsxgWx+z5PT0ZTkKz8WCnRAjfM58fR3HiCTBv2IjdYOT3fBF4I1b9g5tmB3Cv5Wr2+OWxRXk6XjAIXUbPcOw==
